
Microsoft Visual Studio Solution File, Format Version 12.00
# Visual Studio Version 17
VisualStudioVersion = 17.7.34018.315
MinimumVisualStudioVersion = 10.0.40219.1
Project("{FAE04EC0-301F-11D3-BF4B-00C04F79EFBC}") = "Elvira_Tugas PBO Praktikum", "Elvira_Tugas PBO Praktikum.csproj", "{FEB23C43-0AF8-4C40-873F-B9519CF9E4D7}"
EndProject
Global
	GlobalSection(SolutionConfigurationPlatforms) = preSolution
		Debug|Any CPU = Debug|Any CPU
		Release|Any CPU = Release|Any CPU
	EndGlobalSection
	GlobalSection(ProjectConfigurationPlatforms) = postSolution
		{FEB23C43-0AF8-4C40-873F-B9519CF9E4D7}.Debug|Any CPU.ActiveCfg = Debug|Any CPU
		{FEB23C43-0AF8-4C40-873F-B9519CF9E4D7}.Debug|Any CPU.Build.0 = Debug|Any CPU
		{FEB23C43-0AF8-4C40-873F-B9519CF9E4D7}.Release|Any CPU.ActiveCfg = Release|Any CPU
		{FEB23C43-0AF8-4C40-873F-B9519CF9E4D7}.Release|Any CPU.Build.0 = Release|Any CPU
	EndGlobalSection
	GlobalSection(SolutionProperties) = preSolution
		HideSolutionNode = FALSE
	EndGlobalSection
	GlobalSection(ExtensibilityGlobals) = postSolution
		SolutionGuid = {5726B95A-BD3A-454E-9459-A55BA78EEA3F}
	EndGlobalSection
EndGlobal
